
Microsoft Visual Studio Solution File, Format Version 12.00
# Visual Studio Version 16
VisualStudioVersion = 16.0.31911.196
MinimumVisualStudioVersion = 10.0.40219.1
Project("{FAE04EC0-301F-11D3-BF4B-00C04F79EFBC}") = "EmployeeManagement", "EmployeeManagement.csproj", "{D2238AF3-6442-4D60-8E78-6CA0D68955C3}"
EndProject
Global
	GlobalSection(SolutionConfigurationPlatforms) = preSolution
		Debug|Any CPU = Debug|Any CPU
		Release|Any CPU = Release|Any CPU
	EndGlobalSection
	GlobalSection(ProjectConfigurationPlatforms) = postSolution
		{D2238AF3-6442-4D60-8E78-6CA0D68955C3}.Debug|Any CPU.ActiveCfg = Debug|Any CPU
		{D2238AF3-6442-4D60-8E78-6CA0D68955C3}.Debug|Any CPU.Build.0 = Debug|Any CPU
		{D2238AF3-6442-4D60-8E78-6CA0D68955C3}.Release|Any CPU.ActiveCfg = Release|Any CPU
		{D2238AF3-6442-4D60-8E78-6CA0D68955C3}.Release|Any CPU.Build.0 = Release|Any CPU
	EndGlobalSection
	GlobalSection(SolutionProperties) = preSolution
		HideSolutionNode = FALSE
	EndGlobalSection
	GlobalSection(ExtensibilityGlobals) = postSolution
		SolutionGuid = {5A215BA2-42B9-422D-BE13-3ABF2B6F02E1}
	EndGlobalSection
EndGlobal
